{
  "originHash" : "04004c58e928f8c9e34fb1c4510366dbd6be1af1c9306f41409bf104ff832be5",
  "pins" : [
    {
      "identity" : "pages",
      "kind" : "remoteSourceControl",
      "location" : "https://github.com/nachonavarro/Pages",
      "state" : {
        "revision" : "4cdbe4ff2f9ddbfda8cf0376a2acb678a1a0a0a2",
        "version" : "0.1.5"
      }
    },
    {
      "identity" : "sdwebimage",
      "kind" : "remoteSourceControl",
      "location" : "https://github.com/SDWebImage/SDWebImage.git",
      "state" : {
        "revision" : "f6afa0132961d593f07970d84e2d8b588c29ea04",
        "version" : "5.19.1"
      }
    },
    {
      "identity" : "sdwebimageswiftui",
      "kind" : "remoteSourceControl",
      "location" : "https://github.com/SDWebImage/SDWebImageSwiftUI.git",
      "state" : {
        "revision" : "22423b017b99ab8ac44e29e6372f571f782af6e4",
        "version" : "3.0.2"
      }
    }
  ],
  "version" : 3
}
