// !$*UTF8*$!
{
	archiveVersion = 1;
	classes = {
	};
	objectVersion = 56;
	objects = {

/* Begin PBXBuildFile section */
		D56844802BCE7533005ED857 /* Data.swift in Sources */ = {isa = PBXBuildFile; fileRef = D568447F2BCE7533005ED857 /* Data.swift */; };
		D589D8792BCD2D960072647A /* Podcasts.json in Resources */ = {isa = PBXBuildFile; fileRef = D589D8782BCD2D960072647A /* Podcasts.json */; };
		D589D87C2BCD2E030072647A /* Item.swift in Sources */ = {isa = PBXBuildFile; fileRef = D589D87B2BCD2E030072647A /* Item.swift */; };
		D589D87F2BCD2E550072647A /* SectionItems.swift in Sources */ = {isa = PBXBuildFile; fileRef = D589D87E2BCD2E550072647A /* SectionItems.swift */; };
		D5C4188B2BCB188700E68671 /* PodOuvirApp.swift in Sources */ = {isa = PBXBuildFile; fileRef = D5C4188A2BCB188700E68671 /* PodOuvirApp.swift */; };
		D5C418912BCB188800E68671 /* Assets.xcassets in Resources */ = {isa = PBXBuildFile; fileRef = D5C418902BCB188800E68671 /* Assets.xcassets */; };
		D5C418942BCB188800E68671 /* Preview Assets.xcassets in Resources */ = {isa = PBXBuildFile; fileRef = D5C418932BCB188800E68671 /* Preview Assets.xcassets */; };
		D5C4189E2BCB188800E68671 /* PodOuvirTests.swift in Sources */ = {isa = PBXBuildFile; fileRef = D5C4189D2BCB188800E68671 /* PodOuvirTests.swift */; };
		D5C418A82BCB188800E68671 /* PodOuvirUITests.swift in Sources */ = {isa = PBXBuildFile; fileRef = D5C418A72BCB188800E68671 /* PodOuvirUITests.swift */; };
		D5C418AA2BCB188800E68671 /* PodOuvirUITestsLaunchTests.swift in Sources */ = {isa = PBXBuildFile; fileRef = D5C418A92BCB188800E68671 /* PodOuvirUITestsLaunchTests.swift */; };
		D5C418B82BCB1A1800E68671 /* AudioListScreenView.swift in Sources */ = {isa = PBXBuildFile; fileRef = D5C418B72BCB1A1800E68671 /* AudioListScreenView.swift */; };
		D5C418BA2BCB1A2700E68671 /* AudioPlayerView.swift in Sources */ = {isa = PBXBuildFile; fileRef = D5C418B92BCB1A2700E68671 /* AudioPlayerView.swift */; };
		D5C418C02BCB1CE600E68671 /* PodcastStore.swift in Sources */ = {isa = PBXBuildFile; fileRef = D5C418BF2BCB1CE600E68671 /* PodcastStore.swift */; };
		D5C418C22BCB1ED800E68671 /* AudioPlayer.swift in Sources */ = {isa = PBXBuildFile; fileRef = D5C418C12BCB1ED800E68671 /* AudioPlayer.swift */; };
		D5C418C62BCBDDF000E68671 /* TimeIntervalExtension.swift in Sources */ = {isa = PBXBuildFile; fileRef = D5C418C52BCBDDF000E68671 /* TimeIntervalExtension.swift */; };
		D5C418D32BCD1E6300E68671 /* Configurations.swift in Sources */ = {isa = PBXBuildFile; fileRef = D5C418D22BCD1E6300E68671 /* Configurations.swift */; };
		D5C418D92BCD23CA00E68671 /* AppDelegate.swift in Sources */ = {isa = PBXBuildFile; fileRef = D5C418D82BCD23CA00E68671 /* AppDelegate.swift */; };
/* End PBXBuildFile section */

/* Begin PBXContainerItemProxy section */
		D5C4189A2BCB188800E68671 /* PBXContainerItemProxy */ = {
			isa = PBXContainerItemProxy;
			containerPortal = D5C4187F2BCB188700E68671 /* Project object */;
			proxyType = 1;
			remoteGlobalIDString = D5C418862BCB188700E68671;
			remoteInfo = PodOuvir;
		};
		D5C418A42BCB188800E68671 /* PBXContainerItemProxy */ = {
			isa = PBXContainerItemProxy;
			containerPortal = D5C4187F2BCB188700E68671 /* Project object */;
			proxyType = 1;
			remoteGlobalIDString = D5C418862BCB188700E68671;
			remoteInfo = PodOuvir;
		};
/* End PBXContainerItemProxy section */

/* Begin PBXFileReference section */
		D568447F2BCE7533005ED857 /* Data.swift */ = {isa = PBXFileReference; lastKnownFileType = sourcecode.swift; path = Data.swift; sourceTree = "<group>"; };
		D589D8782BCD2D960072647A /* Podcasts.json */ = {isa = PBXFileReference; fileEncoding = 4; lastKnownFileType = text.json; path = Podcasts.json; sourceTree = "<group>"; };
		D589D87B2BCD2E030072647A /* Item.swift */ = {isa = PBXFileReference; lastKnownFileType = sourcecode.swift; path = Item.swift; sourceTree = "<group>"; };
		D589D87E2BCD2E550072647A /* SectionItems.swift */ = {isa = PBXFileReference; lastKnownFileType = sourcecode.swift; path = SectionItems.swift; sourceTree = "<group>"; };
		D5C418872BCB188700E68671 /* PodOuvir.app */ = {isa = PBXFileReference; explicitFileType = wrapper.application; includeInIndex = 0; path = PodOuvir.app; sourceTree = BUILT_PRODUCTS_DIR; };
		D5C4188A2BCB188700E68671 /* PodOuvirApp.swift */ = {isa = PBXFileReference; lastKnownFileType = sourcecode.swift; path = PodOuvirApp.swift; sourceTree = "<group>"; };
		D5C418902BCB188800E68671 /* Assets.xcassets */ = {isa = PBXFileReference; lastKnownFileType = folder.assetcatalog; path = Assets.xcassets; sourceTree = "<group>"; };
		D5C418932BCB188800E68671 /* Preview Assets.xcassets */ = {isa = PBXFileReference; lastKnownFileType = folder.assetcatalog; path = "Preview Assets.xcassets"; sourceTree = "<group>"; };
		D5C418992BCB188800E68671 /* PodOuvirTests.xctest */ = {isa = PBXFileReference; explicitFileType = wrapper.cfbundle; includeInIndex = 0; path = PodOuvirTests.xctest; sourceTree = BUILT_PRODUCTS_DIR; };
		D5C4189D2BCB188800E68671 /* PodOuvirTests.swift */ = {isa = PBXFileReference; lastKnownFileType = sourcecode.swift; path = PodOuvirTests.swift; sourceTree = "<group>"; };
		D5C418A32BCB188800E68671 /* PodOuvirUITests.xctest */ = {isa = PBXFileReference; explicitFileType = wrapper.cfbundle; includeInIndex = 0; path = PodOuvirUITests.xctest; sourceTree = BUILT_PRODUCTS_DIR; };
		D5C418A72BCB188800E68671 /* PodOuvirUITests.swift */ = {isa = PBXFileReference; lastKnownFileType = sourcecode.swift; path = PodOuvirUITests.swift; sourceTree = "<group>"; };
		D5C418A92BCB188800E68671 /* PodOuvirUITestsLaunchTests.swift */ = {isa = PBXFileReference; lastKnownFileType = sourcecode.swift; path = PodOuvirUITestsLaunchTests.swift; sourceTree = "<group>"; };
		D5C418B72BCB1A1800E68671 /* AudioListScreenView.swift */ = {isa = PBXFileReference; lastKnownFileType = sourcecode.swift; path = AudioListScreenView.swift; sourceTree = "<group>"; };
		D5C418B92BCB1A2700E68671 /* AudioPlayerView.swift */ = {isa = PBXFileReference; lastKnownFileType = sourcecode.swift; path = AudioPlayerView.swift; sourceTree = "<group>"; };
		D5C418BF2BCB1CE600E68671 /* PodcastStore.swift */ = {isa = PBXFileReference; lastKnownFileType = sourcecode.swift; path = PodcastStore.swift; sourceTree = "<group>"; };
		D5C418C12BCB1ED800E68671 /* AudioPlayer.swift */ = {isa = PBXFileReference; lastKnownFileType = sourcecode.swift; path = AudioPlayer.swift; sourceTree = "<group>"; };
		D5C418C32BCBDCC600E68671 /* Info.plist */ = {isa = PBXFileReference; lastKnownFileType = text.plist; path = Info.plist; sourceTree = "<group>"; };
		D5C418C52BCBDDF000E68671 /* TimeIntervalExtension.swift */ = {isa = PBXFileReference; lastKnownFileType = sourcecode.swift; path = TimeIntervalExtension.swift; sourceTree = "<group>"; };
		D5C418C82BCBE8FE00E68671 /* AVKit.framework */ = {isa = PBXFileReference; lastKnownFileType = wrapper.framework; name = AVKit.framework; path = System/Library/Frameworks/AVKit.framework; sourceTree = SDKROOT; };
		D5C418CF2BCD174D00E68671 /* Release.xcconfig */ = {isa = PBXFileReference; lastKnownFileType = text.xcconfig; path = Release.xcconfig; sourceTree = "<group>"; };
		D5C418D02BCD175C00E68671 /* Debug.xcconfig */ = {isa = PBXFileReference; lastKnownFileType = text.xcconfig; path = Debug.xcconfig; sourceTree = "<group>"; };
		D5C418D12BCD176600E68671 /* Staging.xcconfig */ = {isa = PBXFileReference; lastKnownFileType = text.xcconfig; path = Staging.xcconfig; sourceTree = "<group>"; };
		D5C418D22BCD1E6300E68671 /* Configurations.swift */ = {isa = PBXFileReference; lastKnownFileType = sourcecode.swift; path = Configurations.swift; sourceTree = "<group>"; };
		D5C418D82BCD23CA00E68671 /* AppDelegate.swift */ = {isa = PBXFileReference; lastKnownFileType = sourcecode.swift; path = AppDelegate.swift; sourceTree = "<group>"; };
		D5E873592BCF56A800F4432D /* PodOuvir.entitlements */ = {isa = PBXFileReference; lastKnownFileType = text.plist.entitlements; path = PodOuvir.entitlements; sourceTree = "<group>"; };
/* End PBXFileReference section */

/* Begin PBXFrameworksBuildPhase section */
		D5C418842BCB188700E68671 /* Frameworks */ = {
			isa = PBXFrameworksBuildPhase;
			buildActionMask = 2147483647;
			files = (
			);
			runOnlyForDeploymentPostprocessing = 0;
		};
		D5C418962BCB188800E68671 /* Frameworks */ = {
			isa = PBXFrameworksBuildPhase;
			buildActionMask = 2147483647;
			files = (
			);
			runOnlyForDeploymentPostprocessing = 0;
		};
		D5C418A02BCB188800E68671 /* Frameworks */ = {
			isa = PBXFrameworksBuildPhase;
			buildActionMask = 2147483647;
			files = (
			);
			runOnlyForDeploymentPostprocessing = 0;
		};
/* End PBXFrameworksBuildPhase section */

/* Begin PBXGroup section */
		D589D87A2BCD2DF70072647A /* Models */ = {
			isa = PBXGroup;
			children = (
				D589D87E2BCD2E550072647A /* SectionItems.swift */,
				D589D87B2BCD2E030072647A /* Item.swift */,
			);
			path = Models;
			sourceTree = "<group>";
		};
		D5C4187E2BCB188700E68671 = {
			isa = PBXGroup;
			children = (
				D5C418892BCB188700E68671 /* PodOuvir */,
				D5C4189C2BCB188800E68671 /* PodOuvirTests */,
				D5C418A62BCB188800E68671 /* PodOuvirUITests */,
				D5C418882BCB188700E68671 /* Products */,
				D5C418C72BCBE8FE00E68671 /* Frameworks */,
			);
			sourceTree = "<group>";
		};
		D5C418882BCB188700E68671 /* Products */ = {
			isa = PBXGroup;
			children = (
				D5C418872BCB188700E68671 /* PodOuvir.app */,
				D5C418992BCB188800E68671 /* PodOuvirTests.xctest */,
				D5C418A32BCB188800E68671 /* PodOuvirUITests.xctest */,
			);
			name = Products;
			sourceTree = "<group>";
		};
		D5C418892BCB188700E68671 /* PodOuvir */ = {
			isa = PBXGroup;
			children = (
				D5E873592BCF56A800F4432D /* PodOuvir.entitlements */,
				D589D87A2BCD2DF70072647A /* Models */,
				D5C418D52BCD23B000E68671 /* Resources */,
				D5C418CE2BCD173600E68671 /* Configurations */,
				D5C418C42BCBDDDF00E68671 /* Extensions */,
				D5C418C32BCBDCC600E68671 /* Info.plist */,
				D5C418BE2BCB1CD500E68671 /* Stores */,
				D5C418BC2BCB1C5500E68671 /* Components */,
				D5C418B62BCB19F300E68671 /* Screens */,
				D5C4188A2BCB188700E68671 /* PodOuvirApp.swift */,
				D5C418902BCB188800E68671 /* Assets.xcassets */,
				D5C418922BCB188800E68671 /* Preview Content */,
				D5C418D82BCD23CA00E68671 /* AppDelegate.swift */,
			);
			path = PodOuvir;
			sourceTree = "<group>";
		};
		D5C418922BCB188800E68671 /* Preview Content */ = {
			isa = PBXGroup;
			children = (
				D5C418932BCB188800E68671 /* Preview Assets.xcassets */,
			);
			path = "Preview Content";
			sourceTree = "<group>";
		};
		D5C4189C2BCB188800E68671 /* PodOuvirTests */ = {
			isa = PBXGroup;
			children = (
				D5C4189D2BCB188800E68671 /* PodOuvirTests.swift */,
			);
			path = PodOuvirTests;
			sourceTree = "<group>";
		};
		D5C418A62BCB188800E68671 /* PodOuvirUITests */ = {
			isa = PBXGroup;
			children = (
				D5C418A72BCB188800E68671 /* PodOuvirUITests.swift */,
				D5C418A92BCB188800E68671 /* PodOuvirUITestsLaunchTests.swift */,
			);
			path = PodOuvirUITests;
			sourceTree = "<group>";
		};
		D5C418B62BCB19F300E68671 /* Screens */ = {
			isa = PBXGroup;
			children = (
				D5C418BB2BCB1B2D00E68671 /* Podcasts */,
			);
			path = Screens;
			sourceTree = "<group>";
		};
		D5C418BB2BCB1B2D00E68671 /* Podcasts */ = {
			isa = PBXGroup;
			children = (
				D5C418B72BCB1A1800E68671 /* AudioListScreenView.swift */,
			);
			path = Podcasts;
			sourceTree = "<group>";
		};
		D5C418BC2BCB1C5500E68671 /* Components */ = {
			isa = PBXGroup;
			children = (
				D5C418BD2BCB1C5C00E68671 /* AudioPlayer */,
			);
			path = Components;
			sourceTree = "<group>";
		};
		D5C418BD2BCB1C5C00E68671 /* AudioPlayer */ = {
			isa = PBXGroup;
			children = (
				D5C418C12BCB1ED800E68671 /* AudioPlayer.swift */,
				D5C418B92BCB1A2700E68671 /* AudioPlayerView.swift */,
			);
			path = AudioPlayer;
			sourceTree = "<group>";
		};
		D5C418BE2BCB1CD500E68671 /* Stores */ = {
			isa = PBXGroup;
			children = (
				D5C418BF2BCB1CE600E68671 /* PodcastStore.swift */,
			);
			path = Stores;
			sourceTree = "<group>";
		};
		D5C418C42BCBDDDF00E68671 /* Extensions */ = {
			isa = PBXGroup;
			children = (
				D5C418C52BCBDDF000E68671 /* TimeIntervalExtension.swift */,
			);
			path = Extensions;
			sourceTree = "<group>";
		};
		D5C418C72BCBE8FE00E68671 /* Frameworks */ = {
			isa = PBXGroup;
			children = (
				D5C418C82BCBE8FE00E68671 /* AVKit.framework */,
			);
			name = Frameworks;
			sourceTree = "<group>";
		};
		D5C418CE2BCD173600E68671 /* Configurations */ = {
			isa = PBXGroup;
			children = (
				D5C418CF2BCD174D00E68671 /* Release.xcconfig */,
				D5C418D02BCD175C00E68671 /* Debug.xcconfig */,
				D5C418D12BCD176600E68671 /* Staging.xcconfig */,
				D5C418D22BCD1E6300E68671 /* Configurations.swift */,
			);
			path = Configurations;
			sourceTree = "<group>";
		};
		D5C418D52BCD23B000E68671 /* Resources */ = {
			isa = PBXGroup;
			children = (
				D589D8782BCD2D960072647A /* Podcasts.json */,
				D568447F2BCE7533005ED857 /* Data.swift */,
			);
			path = Resources;
			sourceTree = "<group>";
		};
/* End PBXGroup section */

/* Begin PBXNativeTarget section */
		D5C418862BCB188700E68671 /* PodOuvir */ = {
			isa = PBXNativeTarget;
			buildConfigurationList = D5C418AD2BCB188800E68671 /* Build configuration list for PBXNativeTarget "PodOuvir" */;
			buildPhases = (
				D5C418832BCB188700E68671 /* Sources */,
				D5C418842BCB188700E68671 /* Frameworks */,
				D5C418852BCB188700E68671 /* Resources */,
			);
			buildRules = (
			);
			dependencies = (
			);
			name = PodOuvir;
			packageProductDependencies = (
			);
			productName = PodOuvir;
			productReference = D5C418872BCB188700E68671 /* PodOuvir.app */;
			productType = "com.apple.product-type.application";
		};
		D5C418982BCB188800E68671 /* PodOuvirTests */ = {
			isa = PBXNativeTarget;
			buildConfigurationList = D5C418B02BCB188800E68671 /* Build configuration list for PBXNativeTarget "PodOuvirTests" */;
			buildPhases = (
				D5C418952BCB188800E68671 /* Sources */,
				D5C418962BCB188800E68671 /* Frameworks */,
				D5C418972BCB188800E68671 /* Resources */,
			);
			buildRules = (
			);
			dependencies = (
				D5C4189B2BCB188800E68671 /* PBXTargetDependency */,
			);
			name = PodOuvirTests;
			productName = PodOuvirTests;
			productReference = D5C418992BCB188800E68671 /* PodOuvirTests.xctest */;
			productType = "com.apple.product-type.bundle.unit-test";
		};
		D5C418A22BCB188800E68671 /* PodOuvirUITests */ = {
			isa = PBXNativeTarget;
			buildConfigurationList = D5C418B32BCB188800E68671 /* Build configuration list for PBXNativeTarget "PodOuvirUITests" */;
			buildPhases = (
				D5C4189F2BCB188800E68671 /* Sources */,
				D5C418A02BCB188800E68671 /* Frameworks */,
				D5C418A12BCB188800E68671 /* Resources */,
			);
			buildRules = (
			);
			dependencies = (
				D5C418A52BCB188800E68671 /* PBXTargetDependency */,
			);
			name = PodOuvirUITests;
			productName = PodOuvirUITests;
			productReference = D5C418A32BCB188800E68671 /* PodOuvirUITests.xctest */;
			productType = "com.apple.product-type.bundle.ui-testing";
		};
/* End PBXNativeTarget section */

/* Begin PBXProject section */
		D5C4187F2BCB188700E68671 /* Project object */ = {
			isa = PBXProject;
			attributes = {
				BuildIndependentTargetsInParallel = 1;
				LastSwiftUpdateCheck = 1530;
				LastUpgradeCheck = 1530;
				TargetAttributes = {
					D5C418862BCB188700E68671 = {
						CreatedOnToolsVersion = 15.3;
					};
					D5C418982BCB188800E68671 = {
						CreatedOnToolsVersion = 15.3;
						TestTargetID = D5C418862BCB188700E68671;
					};
					D5C418A22BCB188800E68671 = {
						CreatedOnToolsVersion = 15.3;
						TestTargetID = D5C418862BCB188700E68671;
					};
				};
			};
			buildConfigurationList = D5C418822BCB188700E68671 /* Build configuration list for PBXProject "PodOuvir" */;
			compatibilityVersion = "Xcode 14.0";
			developmentRegion = en;
			hasScannedForEncodings = 0;
			knownRegions = (
				en,
				Base,
			);
			mainGroup = D5C4187E2BCB188700E68671;
			packageReferences = (
			);
			productRefGroup = D5C418882BCB188700E68671 /* Products */;
			projectDirPath = "";
			projectRoot = "";
			targets = (
				D5C418862BCB188700E68671 /* PodOuvir */,
				D5C418982BCB188800E68671 /* PodOuvirTests */,
				D5C418A22BCB188800E68671 /* PodOuvirUITests */,
			);
		};
/* End PBXProject section */

/* Begin PBXResourcesBuildPhase section */
		D5C418852BCB188700E68671 /* Resources */ = {
			isa = PBXResourcesBuildPhase;
			buildActionMask = 2147483647;
			files = (
				D5C418942BCB188800E68671 /* Preview Assets.xcassets in Resources */,
				D5C418912BCB188800E68671 /* Assets.xcassets in Resources */,
				D589D8792BCD2D960072647A /* Podcasts.json in Resources */,
			);
			runOnlyForDeploymentPostprocessing = 0;
		};
		D5C418972BCB188800E68671 /* Resources */ = {
			isa = PBXResourcesBuildPhase;
			buildActionMask = 2147483647;
			files = (
			);
			runOnlyForDeploymentPostprocessing = 0;
		};
		D5C418A12BCB188800E68671 /* Resources */ = {
			isa = PBXResourcesBuildPhase;
			buildActionMask = 2147483647;
			files = (
			);
			runOnlyForDeploymentPostprocessing = 0;
		};
/* End PBXResourcesBuildPhase section */

/* Begin PBXSourcesBuildPhase section */
		D5C418832BCB188700E68671 /* Sources */ = {
			isa = PBXSourcesBuildPhase;
			buildActionMask = 2147483647;
			files = (
				D5C418D32BCD1E6300E68671 /* Configurations.swift in Sources */,
				D589D87C2BCD2E030072647A /* Item.swift in Sources */,
				D5C418C02BCB1CE600E68671 /* PodcastStore.swift in Sources */,
				D5C418C62BCBDDF000E68671 /* TimeIntervalExtension.swift in Sources */,
				D5C418D92BCD23CA00E68671 /* AppDelegate.swift in Sources */,
				D5C418B82BCB1A1800E68671 /* AudioListScreenView.swift in Sources */,
				D56844802BCE7533005ED857 /* Data.swift in Sources */,
				D5C418BA2BCB1A2700E68671 /* AudioPlayerView.swift in Sources */,
				D5C418C22BCB1ED800E68671 /* AudioPlayer.swift in Sources */,
				D5C4188B2BCB188700E68671 /* PodOuvirApp.swift in Sources */,
				D589D87F2BCD2E550072647A /* SectionItems.swift in Sources */,
			);
			runOnlyForDeploymentPostprocessing = 0;
		};
		D5C418952BCB188800E68671 /* Sources */ = {
			isa = PBXSourcesBuildPhase;
			buildActionMask = 2147483647;
			files = (
				D5C4189E2BCB188800E68671 /* PodOuvirTests.swift in Sources */,
			);
			runOnlyForDeploymentPostprocessing = 0;
		};
		D5C4189F2BCB188800E68671 /* Sources */ = {
			isa = PBXSourcesBuildPhase;
			buildActionMask = 2147483647;
			files = (
				D5C418AA2BCB188800E68671 /* PodOuvirUITestsLaunchTests.swift in Sources */,
				D5C418A82BCB188800E68671 /* PodOuvirUITests.swift in Sources */,
			);
			runOnlyForDeploymentPostprocessing = 0;
		};
/* End PBXSourcesBuildPhase section */

/* Begin PBXTargetDependency section */
		D5C4189B2BCB188800E68671 /* PBXTargetDependency */ = {
			isa = PBXTargetDependency;
			target = D5C418862BCB188700E68671 /* PodOuvir */;
			targetProxy = D5C4189A2BCB188800E68671 /* PBXContainerItemProxy */;
		};
		D5C418A52BCB188800E68671 /* PBXTargetDependency */ = {
			isa = PBXTargetDependency;
			target = D5C418862BCB188700E68671 /* PodOuvir */;
			targetProxy = D5C418A42BCB188800E68671 /* PBXContainerItemProxy */;
		};
/* End PBXTargetDependency section */

/* Begin XCBuildConfiguration section */
		D5C418AB2BCB188800E68671 /* Debug */ = {
			isa = XCBuildConfiguration;
			baseConfigurationReference = D5C418D02BCD175C00E68671 /* Debug.xcconfig */;
			buildSettings = {
				ALWAYS_SEARCH_USER_PATHS = NO;
				ASSETCATALOG_COMPILER_GENERATE_SWIFT_ASSET_SYMBOL_EXTENSIONS = YES;
				CLANG_ANALYZER_NONNULL = YES;
				CLANG_ANALYZER_NUMBER_OBJECT_CONVERSION = YES_AGGRESSIVE;
				CLANG_CXX_LANGUAGE_STANDARD = "gnu++20";
				CLANG_ENABLE_MODULES = YES;
				CLANG_ENABLE_OBJC_ARC = YES;
				CLANG_ENABLE_OBJC_WEAK = YES;
				CLANG_WARN_BLOCK_CAPTURE_AUTORELEASING = YES;
				CLANG_WARN_BOOL_CONVERSION = YES;
				CLANG_WARN_COMMA = YES;
				CLANG_WARN_CONSTANT_CONVERSION = YES;
				CLANG_WARN_DEPRECATED_OBJC_IMPLEMENTATIONS = YES;
				CLANG_WARN_DIRECT_OBJC_ISA_USAGE = YES_ERROR;
				CLANG_WARN_DOCUMENTATION_COMMENTS = YES;
				CLANG_WARN_EMPTY_BODY = YES;
				CLANG_WARN_ENUM_CONVERSION = YES;
				CLANG_WARN_INFINITE_RECURSION = YES;
				CLANG_WARN_INT_CONVERSION = YES;
				CLANG_WARN_NON_LITERAL_NULL_CONVERSION = YES;
				CLANG_WARN_OBJC_IMPLICIT_RETAIN_SELF = YES;
				CLANG_WARN_OBJC_LITERAL_CONVERSION = YES;
				CLANG_WARN_OBJC_ROOT_CLASS = YES_ERROR;
				CLANG_WARN_QUOTED_INCLUDE_IN_FRAMEWORK_HEADER = YES;
				CLANG_WARN_RANGE_LOOP_ANALYSIS = YES;
				CLANG_WARN_STRICT_PROTOTYPES = YES;
				CLANG_WARN_SUSPICIOUS_MOVE = YES;
				CLANG_WARN_UNGUARDED_AVAILABILITY = YES_AGGRESSIVE;
				CLANG_WARN_UNREACHABLE_CODE = YES;
				CLANG_WARN__DUPLICATE_METHOD_MATCH = YES;
				COPY_PHASE_STRIP = NO;
				DEBUG_INFORMATION_FORMAT = dwarf;
				ENABLE_STRICT_OBJC_MSGSEND = YES;
				ENABLE_TESTABILITY = YES;
				ENABLE_USER_SCRIPT_SANDBOXING = YES;
				GCC_C_LANGUAGE_STANDARD = gnu17;
				GCC_DYNAMIC_NO_PIC = NO;
				GCC_NO_COMMON_BLOCKS = YES;
				GCC_OPTIMIZATION_LEVEL = 0;
				GCC_PREPROCESSOR_DEFINITIONS = (
					"DEBUG=1",
					"$(inherited)",
				);
				GCC_WARN_64_TO_32_BIT_CONVERSION = YES;
				GCC_WARN_ABOUT_RETURN_TYPE = YES_ERROR;
				GCC_WARN_UNDECLARED_SELECTOR = YES;
				GCC_WARN_UNINITIALIZED_AUTOS = YES_AGGRESSIVE;
				GCC_WARN_UNUSED_FUNCTION = YES;
				GCC_WARN_UNUSED_VARIABLE = YES;
				IPHONEOS_DEPLOYMENT_TARGET = 17.4;
				LOCALIZATION_PREFERS_STRING_CATALOGS = YES;
				MTL_ENABLE_DEBUG_INFO = INCLUDE_SOURCE;
				MTL_FAST_MATH = YES;
				ONLY_ACTIVE_ARCH = YES;
				SDKROOT = iphoneos;
				SWIFT_ACTIVE_COMPILATION_CONDITIONS = "DEBUG $(inherited)";
				SWIFT_OPTIMIZATION_LEVEL = "-Onone";
			};
			name = Debug;
		};
		D5C418AC2BCB188800E68671 /* Release */ = {
			isa = XCBuildConfiguration;
			baseConfigurationReference = D5C418CF2BCD174D00E68671 /* Release.xcconfig */;
			buildSettings = {
				ALWAYS_SEARCH_USER_PATHS = NO;
				ASSETCATALOG_COMPILER_GENERATE_SWIFT_ASSET_SYMBOL_EXTENSIONS = YES;
				CLANG_ANALYZER_NONNULL = YES;
				CLANG_ANALYZER_NUMBER_OBJECT_CONVERSION = YES_AGGRESSIVE;
				CLANG_CXX_LANGUAGE_STANDARD = "gnu++20";
				CLANG_ENABLE_MODULES = YES;
				CLANG_ENABLE_OBJC_ARC = YES;
				CLANG_ENABLE_OBJC_WEAK = YES;
				CLANG_WARN_BLOCK_CAPTURE_AUTORELEASING = YES;
				CLANG_WARN_BOOL_CONVERSION = YES;
				CLANG_WARN_COMMA = YES;
				CLANG_WARN_CONSTANT_CONVERSION = YES;
				CLANG_WARN_DEPRECATED_OBJC_IMPLEMENTATIONS = YES;
				CLANG_WARN_DIRECT_OBJC_ISA_USAGE = YES_ERROR;
				CLANG_WARN_DOCUMENTATION_COMMENTS = YES;
				CLANG_WARN_EMPTY_BODY = YES;
				CLANG_WARN_ENUM_CONVERSION = YES;
				CLANG_WARN_INFINITE_RECURSION = YES;
				CLANG_WARN_INT_CONVERSION = YES;
				CLANG_WARN_NON_LITERAL_NULL_CONVERSION = YES;
				CLANG_WARN_OBJC_IMPLICIT_RETAIN_SELF = YES;
				CLANG_WARN_OBJC_LITERAL_CONVERSION = YES;
				CLANG_WARN_OBJC_ROOT_CLASS = YES_ERROR;
				CLANG_WARN_QUOTED_INCLUDE_IN_FRAMEWORK_HEADER = YES;
				CLANG_WARN_RANGE_LOOP_ANALYSIS = YES;
				CLANG_WARN_STRICT_PROTOTYPES = YES;
				CLANG_WARN_SUSPICIOUS_MOVE = YES;
				CLANG_WARN_UNGUARDED_AVAILABILITY = YES_AGGRESSIVE;
				CLANG_WARN_UNREACHABLE_CODE = YES;
				CLANG_WARN__DUPLICATE_METHOD_MATCH = YES;
				COPY_PHASE_STRIP = NO;
				DEBUG_INFORMATION_FORMAT = "dwarf-with-dsym";
				ENABLE_NS_ASSERTIONS = NO;
				ENABLE_STRICT_OBJC_MSGSEND = YES;
				ENABLE_USER_SCRIPT_SANDBOXING = YES;
				GCC_C_LANGUAGE_STANDARD = gnu17;
				GCC_NO_COMMON_BLOCKS = YES;
				GCC_WARN_64_TO_32_BIT_CONVERSION = YES;
				GCC_WARN_ABOUT_RETURN_TYPE = YES_ERROR;
				GCC_WARN_UNDECLARED_SELECTOR = YES;
				GCC_WARN_UNINITIALIZED_AUTOS = YES_AGGRESSIVE;
				GCC_WARN_UNUSED_FUNCTION = YES;
				GCC_WARN_UNUSED_VARIABLE = YES;
				IPHONEOS_DEPLOYMENT_TARGET = 17.4;
				LOCALIZATION_PREFERS_STRING_CATALOGS = YES;
				MTL_ENABLE_DEBUG_INFO = NO;
				MTL_FAST_MATH = YES;
				SDKROOT = iphoneos;
				SWIFT_COMPILATION_MODE = wholemodule;
				VALIDATE_PRODUCT = YES;
			};
			name = Release;
		};
		D5C418AE2BCB188800E68671 /* Debug */ = {
			isa = XCBuildConfiguration;
			buildSettings = {
				ASSETCATALOG_COMPILER_APPICON_NAME = "AppIcon Develop";
				ASSETCATALOG_COMPILER_GLOBAL_ACCENT_COLOR_NAME = AccentColor;
				CODE_SIGN_ENTITLEMENTS = PodOuvir/PodOuvir.entitlements;
				CODE_SIGN_IDENTITY = "Apple Development";
				CODE_SIGN_STYLE = Automatic;
				CURRENT_PROJECT_VERSION = 1;
				DEVELOPMENT_ASSET_PATHS = "\"PodOuvir/Preview Content\"";
				DEVELOPMENT_TEAM = MM4N959BB5;
				ENABLE_PREVIEWS = YES;
				GENERATE_INFOPLIST_FILE = YES;
				INFOPLIST_FILE = PodOuvir/Info.plist;
				INFOPLIST_KEY_CFBundleDisplayName = PodOuvir;
				INFOPLIST_KEY_LSApplicationCategoryType = "public.app-category.music";
				INFOPLIST_KEY_UIApplicationSceneManifest_Generation = YES;
				INFOPLIST_KEY_UIApplicationSupportsIndirectInputEvents = YES;
				INFOPLIST_KEY_UILaunchScreen_Generation = YES;
				INFOPLIST_KEY_UISupportedInterfaceOrientations = UIInterfaceOrientationPortrait;
				LD_RUNPATH_SEARCH_PATHS = (
					"$(inherited)",
					"@executable_path/Frameworks",
				);
				MARKETING_VERSION = 1.0;
				PRODUCT_BUNDLE_IDENTIFIER = com.didisouzacosta.podouvir.debug;
				PRODUCT_NAME = "$(TARGET_NAME)";
				PROVISIONING_PROFILE_SPECIFIER = "";
				SUPPORTED_PLATFORMS = "iphoneos iphonesimulator";
				SUPPORTS_MACCATALYST = NO;
				SUPPORTS_XR_DESIGNED_FOR_IPHONE_IPAD = NO;
				SWIFT_EMIT_LOC_STRINGS = YES;
				SWIFT_VERSION = 5.0;
				TARGETED_DEVICE_FAMILY = 1;
			};
			name = Debug;
		};
		D5C418AF2BCB188800E68671 /* Release */ = {
			isa = XCBuildConfiguration;
			buildSettings = {
				ASSETCATALOG_COMPILER_APPICON_NAME = AppIcon;
				ASSETCATALOG_COMPILER_GLOBAL_ACCENT_COLOR_NAME = AccentColor;
				CODE_SIGN_ENTITLEMENTS = PodOuvir/PodOuvir.entitlements;
				CODE_SIGN_IDENTITY = "Apple Development";
				CODE_SIGN_STYLE = Automatic;
				CURRENT_PROJECT_VERSION = 1;
				DEVELOPMENT_ASSET_PATHS = "\"PodOuvir/Preview Content\"";
				DEVELOPMENT_TEAM = MM4N959BB5;
				ENABLE_PREVIEWS = YES;
				GENERATE_INFOPLIST_FILE = YES;
				INFOPLIST_FILE = PodOuvir/Info.plist;
				INFOPLIST_KEY_CFBundleDisplayName = PodOuvir;
				INFOPLIST_KEY_LSApplicationCategoryType = "public.app-category.music";
				INFOPLIST_KEY_UIApplicationSceneManifest_Generation = YES;
				INFOPLIST_KEY_UIApplicationSupportsIndirectInputEvents = YES;
				INFOPLIST_KEY_UILaunchScreen_Generation = YES;
				INFOPLIST_KEY_UISupportedInterfaceOrientations = UIInterfaceOrientationPortrait;
				LD_RUNPATH_SEARCH_PATHS = (
					"$(inherited)",
					"@executable_path/Frameworks",
				);
				MARKETING_VERSION = 1.0;
				PRODUCT_BUNDLE_IDENTIFIER = com.didisouzacosta.podouvir;
				PRODUCT_NAME = "$(TARGET_NAME)";
				PROVISIONING_PROFILE_SPECIFIER = "";
				SUPPORTED_PLATFORMS = "iphoneos iphonesimulator";
				SUPPORTS_MACCATALYST = NO;
				SUPPORTS_XR_DESIGNED_FOR_IPHONE_IPAD = NO;
				SWIFT_EMIT_LOC_STRINGS = YES;
				SWIFT_VERSION = 5.0;
				TARGETED_DEVICE_FAMILY = 1;
			};
			name = Release;
		};
		D5C418B12BCB188800E68671 /* Debug */ = {
			isa = XCBuildConfiguration;
			buildSettings = {
				ALWAYS_EMBED_SWIFT_STANDARD_LIBRARIES = YES;
				BUNDLE_LOADER = "$(TEST_HOST)";
				CODE_SIGN_STYLE = Automatic;
				CURRENT_PROJECT_VERSION = 1;
				DEVELOPMENT_TEAM = MM4N959BB5;
				GENERATE_INFOPLIST_FILE = YES;
				MARKETING_VERSION = 1.0;
				PRODUCT_BUNDLE_IDENTIFIER = com.didisouzacosta.podouvir.tests;
				PRODUCT_NAME = "$(TARGET_NAME)";
				SWIFT_EMIT_LOC_STRINGS = NO;
				SWIFT_VERSION = 5.0;
				TARGETED_DEVICE_FAMILY = "1,2";
				TEST_HOST = "$(BUILT_PRODUCTS_DIR)/PodOuvir.app/$(BUNDLE_EXECUTABLE_FOLDER_PATH)/PodOuvir";
			};
			name = Debug;
		};
		D5C418B22BCB188800E68671 /* Release */ = {
			isa = XCBuildConfiguration;
			buildSettings = {
				ALWAYS_EMBED_SWIFT_STANDARD_LIBRARIES = YES;
				BUNDLE_LOADER = "$(TEST_HOST)";
				CODE_SIGN_STYLE = Automatic;
				CURRENT_PROJECT_VERSION = 1;
				DEVELOPMENT_TEAM = MM4N959BB5;
				GENERATE_INFOPLIST_FILE = YES;
				MARKETING_VERSION = 1.0;
				PRODUCT_BUNDLE_IDENTIFIER = com.didisouzacosta.podouvir.tests;
				PRODUCT_NAME = "$(TARGET_NAME)";
				SWIFT_EMIT_LOC_STRINGS = NO;
				SWIFT_VERSION = 5.0;
				TARGETED_DEVICE_FAMILY = "1,2";
				TEST_HOST = "$(BUILT_PRODUCTS_DIR)/PodOuvir.app/$(BUNDLE_EXECUTABLE_FOLDER_PATH)/PodOuvir";
			};
			name = Release;
		};
		D5C418B42BCB188800E68671 /* Debug */ = {
			isa = XCBuildConfiguration;
			buildSettings = {
				ALWAYS_EMBED_SWIFT_STANDARD_LIBRARIES = YES;
				CODE_SIGN_STYLE = Automatic;
				CURRENT_PROJECT_VERSION = 1;
				DEVELOPMENT_TEAM = MM4N959BB5;
				GENERATE_INFOPLIST_FILE = YES;
				MARKETING_VERSION = 1.0;
				PRODUCT_BUNDLE_IDENTIFIER = com.didisouzacosta.podouvir.uitests;
				PRODUCT_NAME = "$(TARGET_NAME)";
				SWIFT_EMIT_LOC_STRINGS = NO;
				SWIFT_VERSION = 5.0;
				TARGETED_DEVICE_FAMILY = "1,2";
				TEST_TARGET_NAME = PodOuvir;
			};
			name = Debug;
		};
		D5C418B52BCB188800E68671 /* Release */ = {
			isa = XCBuildConfiguration;
			buildSettings = {
				ALWAYS_EMBED_SWIFT_STANDARD_LIBRARIES = YES;
				CODE_SIGN_STYLE = Automatic;
				CURRENT_PROJECT_VERSION = 1;
				DEVELOPMENT_TEAM = MM4N959BB5;
				GENERATE_INFOPLIST_FILE = YES;
				MARKETING_VERSION = 1.0;
				PRODUCT_BUNDLE_IDENTIFIER = com.didisouzacosta.podouvir.uitests;
				PRODUCT_NAME = "$(TARGET_NAME)";
				SWIFT_EMIT_LOC_STRINGS = NO;
				SWIFT_VERSION = 5.0;
				TARGETED_DEVICE_FAMILY = "1,2";
				TEST_TARGET_NAME = PodOuvir;
			};
			name = Release;
		};
		D5C418CA2BCD172700E68671 /* Staging */ = {
			isa = XCBuildConfiguration;
			baseConfigurationReference = D5C418D12BCD176600E68671 /* Staging.xcconfig */;
			buildSettings = {
				ALWAYS_SEARCH_USER_PATHS = NO;
				ASSETCATALOG_COMPILER_GENERATE_SWIFT_ASSET_SYMBOL_EXTENSIONS = YES;
				CLANG_ANALYZER_NONNULL = YES;
				CLANG_ANALYZER_NUMBER_OBJECT_CONVERSION = YES_AGGRESSIVE;
				CLANG_CXX_LANGUAGE_STANDARD = "gnu++20";
				CLANG_ENABLE_MODULES = YES;
				CLANG_ENABLE_OBJC_ARC = YES;
				CLANG_ENABLE_OBJC_WEAK = YES;
				CLANG_WARN_BLOCK_CAPTURE_AUTORELEASING = YES;
				CLANG_WARN_BOOL_CONVERSION = YES;
				CLANG_WARN_COMMA = YES;
				CLANG_WARN_CONSTANT_CONVERSION = YES;
				CLANG_WARN_DEPRECATED_OBJC_IMPLEMENTATIONS = YES;
				CLANG_WARN_DIRECT_OBJC_ISA_USAGE = YES_ERROR;
				CLANG_WARN_DOCUMENTATION_COMMENTS = YES;
				CLANG_WARN_EMPTY_BODY = YES;
				CLANG_WARN_ENUM_CONVERSION = YES;
				CLANG_WARN_INFINITE_RECURSION = YES;
				CLANG_WARN_INT_CONVERSION = YES;
				CLANG_WARN_NON_LITERAL_NULL_CONVERSION = YES;
				CLANG_WARN_OBJC_IMPLICIT_RETAIN_SELF = YES;
				CLANG_WARN_OBJC_LITERAL_CONVERSION = YES;
				CLANG_WARN_OBJC_ROOT_CLASS = YES_ERROR;
				CLANG_WARN_QUOTED_INCLUDE_IN_FRAMEWORK_HEADER = YES;
				CLANG_WARN_RANGE_LOOP_ANALYSIS = YES;
				CLANG_WARN_STRICT_PROTOTYPES = YES;
				CLANG_WARN_SUSPICIOUS_MOVE = YES;
				CLANG_WARN_UNGUARDED_AVAILABILITY = YES_AGGRESSIVE;
				CLANG_WARN_UNREACHABLE_CODE = YES;
				CLANG_WARN__DUPLICATE_METHOD_MATCH = YES;
				COPY_PHASE_STRIP = NO;
				DEBUG_INFORMATION_FORMAT = "dwarf-with-dsym";
				ENABLE_NS_ASSERTIONS = NO;
				ENABLE_STRICT_OBJC_MSGSEND = YES;
				ENABLE_USER_SCRIPT_SANDBOXING = YES;
				GCC_C_LANGUAGE_STANDARD = gnu17;
				GCC_NO_COMMON_BLOCKS = YES;
				GCC_WARN_64_TO_32_BIT_CONVERSION = YES;
				GCC_WARN_ABOUT_RETURN_TYPE = YES_ERROR;
				GCC_WARN_UNDECLARED_SELECTOR = YES;
				GCC_WARN_UNINITIALIZED_AUTOS = YES_AGGRESSIVE;
				GCC_WARN_UNUSED_FUNCTION = YES;
				GCC_WARN_UNUSED_VARIABLE = YES;
				IPHONEOS_DEPLOYMENT_TARGET = 17.4;
				LOCALIZATION_PREFERS_STRING_CATALOGS = YES;
				MTL_ENABLE_DEBUG_INFO = NO;
				MTL_FAST_MATH = YES;
				SDKROOT = iphoneos;
				SWIFT_COMPILATION_MODE = wholemodule;
				VALIDATE_PRODUCT = YES;
			};
			name = Staging;
		};
		D5C418CB2BCD172700E68671 /* Staging */ = {
			isa = XCBuildConfiguration;
			buildSettings = {
				ASSETCATALOG_COMPILER_APPICON_NAME = "AppIcon Staging";
				ASSETCATALOG_COMPILER_GLOBAL_ACCENT_COLOR_NAME = AccentColor;
				CODE_SIGN_ENTITLEMENTS = PodOuvir/PodOuvir.entitlements;
				CODE_SIGN_IDENTITY = "Apple Development";
				CODE_SIGN_STYLE = Automatic;
				CURRENT_PROJECT_VERSION = 1;
				DEVELOPMENT_ASSET_PATHS = "\"PodOuvir/Preview Content\"";
				DEVELOPMENT_TEAM = MM4N959BB5;
				ENABLE_PREVIEWS = YES;
				GENERATE_INFOPLIST_FILE = YES;
				INFOPLIST_FILE = PodOuvir/Info.plist;
				INFOPLIST_KEY_CFBundleDisplayName = PodOuvir;
				INFOPLIST_KEY_LSApplicationCategoryType = "public.app-category.music";
				INFOPLIST_KEY_UIApplicationSceneManifest_Generation = YES;
				INFOPLIST_KEY_UIApplicationSupportsIndirectInputEvents = YES;
				INFOPLIST_KEY_UILaunchScreen_Generation = YES;
				INFOPLIST_KEY_UISupportedInterfaceOrientations = UIInterfaceOrientationPortrait;
				LD_RUNPATH_SEARCH_PATHS = (
					"$(inherited)",
					"@executable_path/Frameworks",
				);
				MARKETING_VERSION = 1.0;
				PRODUCT_BUNDLE_IDENTIFIER = com.didisouzacosta.podouvir.staging;
				PRODUCT_NAME = "$(TARGET_NAME)";
				PROVISIONING_PROFILE_SPECIFIER = "";
				SUPPORTED_PLATFORMS = "iphoneos iphonesimulator";
				SUPPORTS_MACCATALYST = NO;
				SUPPORTS_XR_DESIGNED_FOR_IPHONE_IPAD = NO;
				SWIFT_EMIT_LOC_STRINGS = YES;
				SWIFT_VERSION = 5.0;
				TARGETED_DEVICE_FAMILY = 1;
			};
			name = Staging;
		};
		D5C418CC2BCD172700E68671 /* Staging */ = {
			isa = XCBuildConfiguration;
			buildSettings = {
				ALWAYS_EMBED_SWIFT_STANDARD_LIBRARIES = YES;
				BUNDLE_LOADER = "$(TEST_HOST)";
				CODE_SIGN_STYLE = Automatic;
				CURRENT_PROJECT_VERSION = 1;
				DEVELOPMENT_TEAM = MM4N959BB5;
				GENERATE_INFOPLIST_FILE = YES;
				MARKETING_VERSION = 1.0;
				PRODUCT_BUNDLE_IDENTIFIER = com.didisouzacosta.podouvir.tests;
				PRODUCT_NAME = "$(TARGET_NAME)";
				SWIFT_EMIT_LOC_STRINGS = NO;
				SWIFT_VERSION = 5.0;
				TARGETED_DEVICE_FAMILY = "1,2";
				TEST_HOST = "$(BUILT_PRODUCTS_DIR)/PodOuvir.app/$(BUNDLE_EXECUTABLE_FOLDER_PATH)/PodOuvir";
			};
			name = Staging;
		};
		D5C418CD2BCD172700E68671 /* Staging */ = {
			isa = XCBuildConfiguration;
			buildSettings = {
				ALWAYS_EMBED_SWIFT_STANDARD_LIBRARIES = YES;
				CODE_SIGN_STYLE = Automatic;
				CURRENT_PROJECT_VERSION = 1;
				DEVELOPMENT_TEAM = MM4N959BB5;
				GENERATE_INFOPLIST_FILE = YES;
				MARKETING_VERSION = 1.0;
				PRODUCT_BUNDLE_IDENTIFIER = com.didisouzacosta.podouvir.uitests;
				PRODUCT_NAME = "$(TARGET_NAME)";
				SWIFT_EMIT_LOC_STRINGS = NO;
				SWIFT_VERSION = 5.0;
				TARGETED_DEVICE_FAMILY = "1,2";
				TEST_TARGET_NAME = PodOuvir;
			};
			name = Staging;
		};
/* End XCBuildConfiguration section */

/* Begin XCConfigurationList section */
		D5C418822BCB188700E68671 /* Build configuration list for PBXProject "PodOuvir" */ = {
			isa = XCConfigurationList;
			buildConfigurations = (
				D5C418AB2BCB188800E68671 /* Debug */,
				D5C418AC2BCB188800E68671 /* Release */,
				D5C418CA2BCD172700E68671 /* Staging */,
			);
			defaultConfigurationIsVisible = 0;
			defaultConfigurationName = Release;
		};
		D5C418AD2BCB188800E68671 /* Build configuration list for PBXNativeTarget "PodOuvir" */ = {
			isa = XCConfigurationList;
			buildConfigurations = (
				D5C418AE2BCB188800E68671 /* Debug */,
				D5C418AF2BCB188800E68671 /* Release */,
				D5C418CB2BCD172700E68671 /* Staging */,
			);
			defaultConfigurationIsVisible = 0;
			defaultConfigurationName = Release;
		};
		D5C418B02BCB188800E68671 /* Build configuration list for PBXNativeTarget "PodOuvirTests" */ = {
			isa = XCConfigurationList;
			buildConfigurations = (
				D5C418B12BCB188800E68671 /* Debug */,
				D5C418B22BCB188800E68671 /* Release */,
				D5C418CC2BCD172700E68671 /* Staging */,
			);
			defaultConfigurationIsVisible = 0;
			defaultConfigurationName = Release;
		};
		D5C418B32BCB188800E68671 /* Build configuration list for PBXNativeTarget "PodOuvirUITests" */ = {
			isa = XCConfigurationList;
			buildConfigurations = (
				D5C418B42BCB188800E68671 /* Debug */,
				D5C418B52BCB188800E68671 /* Release */,
				D5C418CD2BCD172700E68671 /* Staging */,
			);
			defaultConfigurationIsVisible = 0;
			defaultConfigurationName = Release;
		};
/* End XCConfigurationList section */
	};
	rootObject = D5C4187F2BCB188700E68671 /* Project object */;
}
